Microsoft Visual Studio Solution File, Format Version 12.00
# Visual Studio Version 17
VisualStudioVersion = 17.5.2.0
MinimumVisualStudioVersion = 10.0.40219.1
Project("{2150E333-8FDC-42A3-9474-1A3956D46DE8}") = "Additional", "Additional", "{9AE69BFF-958D-F376-1A86-AC7206CEA09C}"
EndProject
Project("{2150E333-8FDC-42A3-9474-1A3956D46DE8}") = "Mandatory", "Mandatory", "{5B19F965-AA6C-99C7-90E6-F6E27FF991C0}"
EndProject
Project("{2150E333-8FDC-42A3-9474-1A3956D46DE8}") = "Lab_06", "Lab_06", "{D5D3052B-512C-838A-297F-F36C82DC4C33}"
EndProject
Project("{FAE04EC0-301F-11D3-BF4B-00C04F79EFBC}") = "RetailInventory", "Additional\Lab_06\RetailInventory\RetailInventory.csproj", "{51EA08F1-AF0E-7CAF-DC73-6D0A626494E4}"
EndProject
Project("{2150E333-8FDC-42A3-9474-1A3956D46DE8}") = "Lab_07", "Lab_07", "{E19C6517-59D0-7337-1A4A-FB61047BD89B}"
EndProject
Project("{FAE04EC0-301F-11D3-BF4B-00C04F79EFBC}") = "RetailInventory", "Additional\Lab_07\RetailInventory\RetailInventory.csproj", "{3C67ECBC-4197-8E4A-F4CC-6E90A6C75B7B}"
EndProject
Project("{2150E333-8FDC-42A3-9474-1A3956D46DE8}") = "Lab_02", "Lab_02", "{A36567E3-7753-CCDD-1F64-E5FFD9C1A24B}"
EndProject
Project("{FAE04EC0-301F-11D3-BF4B-00C04F79EFBC}") = "RetailInventory", "Mandatory\Lab_02\RetailInventory\RetailInventory.csproj", "{078F0EE5-EDEC-7FD4-92BA-880A17DFCC21}"
EndProject
Project("{2150E333-8FDC-42A3-9474-1A3956D46DE8}") = "Lab_03", "Lab_03", "{DE8D550A-CD0C-A0A6-6760-140FFA67D800}"
EndProject
Project("{FAE04EC0-301F-11D3-BF4B-00C04F79EFBC}") = "RetailInventory", "Mandatory\Lab_03\RetailInventory\RetailInventory.csproj", "{6D688A2C-43F4-A409-6807-C1654946BA33}"
EndProject
Project("{2150E333-8FDC-42A3-9474-1A3956D46DE8}") = "Lab_04", "Lab_04", "{9D196922-605D-923F-348E-814188DEA0D5}"
EndProject
Project("{FAE04EC0-301F-11D3-BF4B-00C04F79EFBC}") = "RetailInventory", "Mandatory\Lab_04\RetailInventory\RetailInventory.csproj", "{43727941-C096-A145-39C3-EA35C588A760}"
EndProject
Project("{2150E333-8FDC-42A3-9474-1A3956D46DE8}") = "Lab_05", "Lab_05", "{7299C916-3773-72E6-3328-135297A4B462}"
EndProject
Project("{FAE04EC0-301F-11D3-BF4B-00C04F79EFBC}") = "RetailInventory", "Mandatory\Lab_05\RetailInventory\RetailInventory.csproj", "{184992D3-38A9-A399-8B3E-2C5F8280637A}"
EndProject
Global
	GlobalSection(SolutionConfigurationPlatforms) = preSolution
		Debug|Any CPU = Debug|Any CPU
		Release|Any CPU = Release|Any CPU
	EndGlobalSection
	GlobalSection(ProjectConfigurationPlatforms) = postSolution
		{51EA08F1-AF0E-7CAF-DC73-6D0A626494E4}.Debug|Any CPU.ActiveCfg = Debug|Any CPU
		{51EA08F1-AF0E-7CAF-DC73-6D0A626494E4}.Debug|Any CPU.Build.0 = Debug|Any CPU
		{51EA08F1-AF0E-7CAF-DC73-6D0A626494E4}.Release|Any CPU.ActiveCfg = Release|Any CPU
		{51EA08F1-AF0E-7CAF-DC73-6D0A626494E4}.Release|Any CPU.Build.0 = Release|Any CPU
		{3C67ECBC-4197-8E4A-F4CC-6E90A6C75B7B}.Debug|Any CPU.ActiveCfg = Debug|Any CPU
		{3C67ECBC-4197-8E4A-F4CC-6E90A6C75B7B}.Debug|Any CPU.Build.0 = Debug|Any CPU
		{3C67ECBC-4197-8E4A-F4CC-6E90A6C75B7B}.Release|Any CPU.ActiveCfg = Release|Any CPU
		{3C67ECBC-4197-8E4A-F4CC-6E90A6C75B7B}.Release|Any CPU.Build.0 = Release|Any CPU
		{078F0EE5-EDEC-7FD4-92BA-880A17DFCC21}.Debug|Any CPU.ActiveCfg = Debug|Any CPU
		{078F0EE5-EDEC-7FD4-92BA-880A17DFCC21}.Debug|Any CPU.Build.0 = Debug|Any CPU
		{078F0EE5-EDEC-7FD4-92BA-880A17DFCC21}.Release|Any CPU.ActiveCfg = Release|Any CPU
		{078F0EE5-EDEC-7FD4-92BA-880A17DFCC21}.Release|Any CPU.Build.0 = Release|Any CPU
		{6D688A2C-43F4-A409-6807-C1654946BA33}.Debug|Any CPU.ActiveCfg = Debug|Any CPU
		{6D688A2C-43F4-A409-6807-C1654946BA33}.Debug|Any CPU.Build.0 = Debug|Any CPU
		{6D688A2C-43F4-A409-6807-C1654946BA33}.Release|Any CPU.ActiveCfg = Release|Any CPU
		{6D688A2C-43F4-A409-6807-C1654946BA33}.Release|Any CPU.Build.0 = Release|Any CPU
		{43727941-C096-A145-39C3-EA35C588A760}.Debug|Any CPU.ActiveCfg = Debug|Any CPU
		{43727941-C096-A145-39C3-EA35C588A760}.Debug|Any CPU.Build.0 = Debug|Any CPU
		{43727941-C096-A145-39C3-EA35C588A760}.Release|Any CPU.ActiveCfg = Release|Any CPU
		{43727941-C096-A145-39C3-EA35C588A760}.Release|Any CPU.Build.0 = Release|Any CPU
		{184992D3-38A9-A399-8B3E-2C5F8280637A}.Debug|Any CPU.ActiveCfg = Debug|Any CPU
		{184992D3-38A9-A399-8B3E-2C5F8280637A}.Debug|Any CPU.Build.0 = Debug|Any CPU
		{184992D3-38A9-A399-8B3E-2C5F8280637A}.Release|Any CPU.ActiveCfg = Release|Any CPU
		{184992D3-38A9-A399-8B3E-2C5F8280637A}.Release|Any CPU.Build.0 = Release|Any CPU
	EndGlobalSection
	GlobalSection(SolutionProperties) = preSolution
		HideSolutionNode = FALSE
	EndGlobalSection
	GlobalSection(NestedProjects) = preSolution
		{D5D3052B-512C-838A-297F-F36C82DC4C33} = {9AE69BFF-958D-F376-1A86-AC7206CEA09C}
		{51EA08F1-AF0E-7CAF-DC73-6D0A626494E4} = {D5D3052B-512C-838A-297F-F36C82DC4C33}
		{E19C6517-59D0-7337-1A4A-FB61047BD89B} = {9AE69BFF-958D-F376-1A86-AC7206CEA09C}
		{3C67ECBC-4197-8E4A-F4CC-6E90A6C75B7B} = {E19C6517-59D0-7337-1A4A-FB61047BD89B}
		{A36567E3-7753-CCDD-1F64-E5FFD9C1A24B} = {5B19F965-AA6C-99C7-90E6-F6E27FF991C0}
		{078F0EE5-EDEC-7FD4-92BA-880A17DFCC21} = {A36567E3-7753-CCDD-1F64-E5FFD9C1A24B}
		{DE8D550A-CD0C-A0A6-6760-140FFA67D800} = {5B19F965-AA6C-99C7-90E6-F6E27FF991C0}
		{6D688A2C-43F4-A409-6807-C1654946BA33} = {DE8D550A-CD0C-A0A6-6760-140FFA67D800}
		{9D196922-605D-923F-348E-814188DEA0D5} = {5B19F965-AA6C-99C7-90E6-F6E27FF991C0}
		{43727941-C096-A145-39C3-EA35C588A760} = {9D196922-605D-923F-348E-814188DEA0D5}
		{7299C916-3773-72E6-3328-135297A4B462} = {5B19F965-AA6C-99C7-90E6-F6E27FF991C0}
		{184992D3-38A9-A399-8B3E-2C5F8280637A} = {7299C916-3773-72E6-3328-135297A4B462}
	EndGlobalSection
	GlobalSection(ExtensibilityGlobals) = postSolution
		SolutionGuid = {8DA59B8D-F6AA-4D56-9972-D0E36D51573B}
	EndGlobalSection
EndGlobal
