Microsoft Visual Studio Solution File, Format Version 12.00
# Visual Studio Version 17
VisualStudioVersion = 17.5.2.0
MinimumVisualStudioVersion = 10.0.40219.1
Project("{FAE04EC0-301F-11D3-BF4B-00C04F79EFBC}") = "E-commerce_Platform_Search_Option", "E-commerce_Platform_Search_Function\E-commerce_Platform_Search_Option.csproj", "{9BC65FB8-E927-39E5-042E-C7F8F73406D5}"
EndProject
Project("{FAE04EC0-301F-11D3-BF4B-00C04F79EFBC}") = "Financial_Forecasting", "Financial_Forecasting\Financial_Forecasting.csproj", "{66B0C122-5A0C-46C2-8654-37BFC590C49B}"
EndProject
Global
	GlobalSection(SolutionConfigurationPlatforms) = preSolution
		Debug|Any CPU = Debug|Any CPU
		Release|Any CPU = Release|Any CPU
	EndGlobalSection
	GlobalSection(ProjectConfigurationPlatforms) = postSolution
		{9BC65FB8-E927-39E5-042E-C7F8F73406D5}.Debug|Any CPU.ActiveCfg = Debug|Any CPU
		{9BC65FB8-E927-39E5-042E-C7F8F73406D5}.Debug|Any CPU.Build.0 = Debug|Any CPU
		{9BC65FB8-E927-39E5-042E-C7F8F73406D5}.Release|Any CPU.ActiveCfg = Release|Any CPU
		{9BC65FB8-E927-39E5-042E-C7F8F73406D5}.Release|Any CPU.Build.0 = Release|Any CPU
		{66B0C122-5A0C-46C2-8654-37BFC590C49B}.Debug|Any CPU.ActiveCfg = Debug|Any CPU
		{66B0C122-5A0C-46C2-8654-37BFC590C49B}.Debug|Any CPU.Build.0 = Debug|Any CPU
		{66B0C122-5A0C-46C2-8654-37BFC590C49B}.Release|Any CPU.ActiveCfg = Release|Any CPU
		{66B0C122-5A0C-46C2-8654-37BFC590C49B}.Release|Any CPU.Build.0 = Release|Any CPU
	EndGlobalSection
	GlobalSection(SolutionProperties) = preSolution
		HideSolutionNode = FALSE
	EndGlobalSection
	GlobalSection(ExtensibilityGlobals) = postSolution
		SolutionGuid = {A5BE81C4-D0B2-4DAA-B178-0F8A1309E965}
	EndGlobalSection
EndGlobal
