Microsoft Visual Studio Solution File, Format Version 12.00
# Visual Studio Version 17
VisualStudioVersion = 17.5.2.0
MinimumVisualStudioVersion = 10.0.40219.1
Project("{FAE04EC0-301F-11D3-BF4B-00C04F79EFBC}") = "FactoryMethodPatternExample", "FactoryMethodPattern\FactoryMethodPatternExample.csproj", "{1A602389-A824-8BF9-FC2A-DD88D8CC8D5F}"
EndProject
Project("{FAE04EC0-301F-11D3-BF4B-00C04F79EFBC}") = "SingletonPatternExample", "SingletonPattern\SingletonPatternExample.csproj", "{77E66424-3F40-E161-6AF5-2D282E016D4B}"
EndProject
Global
	GlobalSection(SolutionConfigurationPlatforms) = preSolution
		Debug|Any CPU = Debug|Any CPU
		Release|Any CPU = Release|Any CPU
	EndGlobalSection
	GlobalSection(ProjectConfigurationPlatforms) = postSolution
		{1A602389-A824-8BF9-FC2A-DD88D8CC8D5F}.Debug|Any CPU.ActiveCfg = Debug|Any CPU
		{1A602389-A824-8BF9-FC2A-DD88D8CC8D5F}.Debug|Any CPU.Build.0 = Debug|Any CPU
		{1A602389-A824-8BF9-FC2A-DD88D8CC8D5F}.Release|Any CPU.ActiveCfg = Release|Any CPU
		{1A602389-A824-8BF9-FC2A-DD88D8CC8D5F}.Release|Any CPU.Build.0 = Release|Any CPU
		{77E66424-3F40-E161-6AF5-2D282E016D4B}.Debug|Any CPU.ActiveCfg = Debug|Any CPU
		{77E66424-3F40-E161-6AF5-2D282E016D4B}.Debug|Any CPU.Build.0 = Debug|Any CPU
		{77E66424-3F40-E161-6AF5-2D282E016D4B}.Release|Any CPU.ActiveCfg = Release|Any CPU
		{77E66424-3F40-E161-6AF5-2D282E016D4B}.Release|Any CPU.Build.0 = Release|Any CPU
	EndGlobalSection
	GlobalSection(SolutionProperties) = preSolution
		HideSolutionNode = FALSE
	EndGlobalSection
	GlobalSection(ExtensibilityGlobals) = postSolution
		SolutionGuid = {D22B8D80-40F8-434E-8156-9DF0C48087A8}
	EndGlobalSection
EndGlobal
